
Microsoft Visual Studio Solution File, Format Version 12.00
# Visual Studio 15
VisualStudioVersion = 15.0.28010.2026
MinimumVisualStudioVersion = 10.0.40219.1
Project("{9A19103F-16F7-4668-BE54-9A1E7A4F7556}") = "HistoryServices", "HistoryServices\HistoryServices.csproj", "{74224063-ABBE-4C15-A176-16AAFA478207}"
EndProject
Project("{FAE04EC0-301F-11D3-BF4B-00C04F79EFBC}") = "HistoryServices.Tests", "HistoryServices.Tests\HistoryServices.Tests.csproj", "{64872B50-8EEE-4EE8-90FF-25500C89F58D}"
EndProject
Global
	GlobalSection(SolutionConfigurationPlatforms) = preSolution
		Debug|Any CPU = Debug|Any CPU
		Release|Any CPU = Release|Any CPU
	EndGlobalSection
	GlobalSection(ProjectConfigurationPlatforms) = postSolution
		{74224063-ABBE-4C15-A176-16AAFA478207}.Debug|Any CPU.ActiveCfg = Debug|Any CPU
		{74224063-ABBE-4C15-A176-16AAFA478207}.Debug|Any CPU.Build.0 = Debug|Any CPU
		{74224063-ABBE-4C15-A176-16AAFA478207}.Release|Any CPU.ActiveCfg = Release|Any CPU
		{74224063-ABBE-4C15-A176-16AAFA478207}.Release|Any CPU.Build.0 = Release|Any CPU
		{64872B50-8EEE-4EE8-90FF-25500C89F58D}.Debug|Any CPU.ActiveCfg = Debug|Any CPU
		{64872B50-8EEE-4EE8-90FF-25500C89F58D}.Debug|Any CPU.Build.0 = Debug|Any CPU
		{64872B50-8EEE-4EE8-90FF-25500C89F58D}.Release|Any CPU.ActiveCfg = Release|Any CPU
		{64872B50-8EEE-4EE8-90FF-25500C89F58D}.Release|Any CPU.Build.0 = Release|Any CPU
	EndGlobalSection
	GlobalSection(SolutionProperties) = preSolution
		HideSolutionNode = FALSE
	EndGlobalSection
	GlobalSection(ExtensibilityGlobals) = postSolution
		SolutionGuid = {50D2E203-C02D-4066-B03C-CF96F01EB09F}
	EndGlobalSection
EndGlobal
